Microsoft Visual Studio Solution File, Format Version 12.00
# Visual Studio Version 17
VisualStudioVersion = 17.5.2.0
MinimumVisualStudioVersion = 10.0.40219.1
Project("{FAE04EC0-301F-11D3-BF4B-00C04F79EFBC}") = "Practica2_202307764", "Practica2_202307764.csproj", "{28F80B0A-BC5C-8C19-F9ED-EF470D550F60}"
EndProject
Global
	GlobalSection(SolutionConfigurationPlatforms) = preSolution
		Debug|Any CPU = Debug|Any CPU
		Release|Any CPU = Release|Any CPU
	EndGlobalSection
	GlobalSection(ProjectConfigurationPlatforms) = postSolution
		{28F80B0A-BC5C-8C19-F9ED-EF470D550F60}.Debug|Any CPU.ActiveCfg = Debug|Any CPU
		{28F80B0A-BC5C-8C19-F9ED-EF470D550F60}.Debug|Any CPU.Build.0 = Debug|Any CPU
		{28F80B0A-BC5C-8C19-F9ED-EF470D550F60}.Release|Any CPU.ActiveCfg = Release|Any CPU
		{28F80B0A-BC5C-8C19-F9ED-EF470D550F60}.Release|Any CPU.Build.0 = Release|Any CPU
	EndGlobalSection
	GlobalSection(SolutionProperties) = preSolution
		HideSolutionNode = FALSE
	EndGlobalSection
	GlobalSection(ExtensibilityGlobals) = postSolution
		SolutionGuid = {34E6B282-CA2A-42BC-B3B1-8BDCBFFDE75F}
	EndGlobalSection
EndGlobal
